
Microsoft Visual Studio Solution File, Format Version 12.00
# Visual Studio Version 17
VisualStudioVersion = 17.8.34330.188
MinimumVisualStudioVersion = 10.0.40219.1
Project("{8BC9CEB8-8B4A-11D0-8D11-00A0C91BC942}") = "ShowServer", "ShowServer.vcxproj", "{B01E5194-6B31-4FE9-B7B8-7687D34823D5}"
EndProject
Global
	GlobalSection(SolutionConfigurationPlatforms) = preSolution
		Debug|x64 = Debug|x64
		Release|x64 = Release|x64
	EndGlobalSection
	GlobalSection(ProjectConfigurationPlatforms) = postSolution
		{B01E5194-6B31-4FE9-B7B8-7687D34823D5}.Debug|x64.ActiveCfg = Debug|x64
		{B01E5194-6B31-4FE9-B7B8-7687D34823D5}.Debug|x64.Build.0 = Debug|x64
		{B01E5194-6B31-4FE9-B7B8-7687D34823D5}.Release|x64.ActiveCfg = Release|x64
		{B01E5194-6B31-4FE9-B7B8-7687D34823D5}.Release|x64.Build.0 = Release|x64
	EndGlobalSection
	GlobalSection(SolutionProperties) = preSolution
		HideSolutionNode = FALSE
	EndGlobalSection
	GlobalSection(ExtensibilityGlobals) = postSolution
		SolutionGuid = {41F998AF-815F-4F29-A588-45BEE361CC92}
	EndGlobalSection
EndGlobal
