<?xml version="1.0" encoding="utf-8"?>
<Project ToolsVersion="4.0" xmlns="http://schemas.microsoft.com/developer/msbuild/2003">
  <ItemGroup>
    <Filter Include="Source Files">
      <UniqueIdentifier>{4FC737F1-C7A5-4376-A066-2A32D752A2FF}</UniqueIdentifier>
      <Extensions>cpp;c;cc;cxx;c++;cppm;ixx;def;odl;idl;hpj;bat;asm;asmx</Extensions>
    </Filter>
    <Filter Include="Resource Files">
      <UniqueIdentifier>{67DA6AB6-F800-4c08-8B7A-83BB121AAD01}</UniqueIdentifier>
      <Extensions>rc;ico;cur;bmp;dlg;rc2;rct;bin;rgs;gif;jpg;jpeg;jpe;resx;tiff;tif;png;wav;mfcribbon-ms</Extensions>
    </Filter>
    <Filter Include="utility">
      <UniqueIdentifier>{0fbb1b3b-cc0b-40f3-b5fe-e6af3a35cf10}</UniqueIdentifier>
    </Filter>
    <Filter Include="controllers">
      <UniqueIdentifier>{045444c3-caf9-497c-acc2-cf0cc233066b}</UniqueIdentifier>
    </Filter>
    <Filter Include="network">
      <UniqueIdentifier>{f1d6ae52-95e3-4f6d-94b5-0e3815853003}</UniqueIdentifier>
    </Filter>
    <Filter Include="ShowServer">
      <UniqueIdentifier>{7f241ef8-bf3b-4051-a51f-2341a57c4de2}</UniqueIdentifier>
    </Filter>
  </ItemGroup>
  <ItemGroup>
    <ClCompile Include="main.cpp">
      <Filter>Source Files</Filter>
    </ClCompile>
    <ClCompile Include="..\network\client.cpp">
      <Filter>network</Filter>
    </ClCompile>
    <ClCompile Include="..\network\identpacket.cpp">
      <Filter>network</Filter>
    </ClCompile>
    <ClCompile Include="..\network\loadpacket.cpp">
      <Filter>network</Filter>
    </ClCompile>
    <ClCompile Include="..\network\noppacket.cpp">
      <Filter>network</Filter>
    </ClCompile>
    <ClCompile Include="..\network\packet.cpp">
      <Filter>network</Filter>
    </ClCompile>
    <ClCompile Include="..\network\playpacket.cpp">
      <Filter>network</Filter>
    </ClCompile>
    <ClCompile Include="..\network\showpacket.cpp">
      <Filter>network</Filter>
    </ClCompile>
    <ClCompile Include="..\network\syncpacket.cpp">
      <Filter>network</Filter>
    </ClCompile>
    <ClCompile Include="..\controllers\frameclock.cpp">
      <Filter>controllers</Filter>
    </ClCompile>
    <ClCompile Include="..\ShowServer\serverclient.cpp">
      <Filter>ShowServer</Filter>
    </ClCompile>
    <ClCompile Include="..\ShowServer\showserver.cpp">
      <Filter>ShowServer</Filter>
    </ClCompile>
    <ClCompile Include="..\utility\buffer.cpp">
      <Filter>utility</Filter>
    </ClCompile>
    <ClCompile Include="..\utility\timeutil.cpp">
      <Filter>utility</Filter>
    </ClCompile>
  </ItemGroup>
  <ItemGroup>
    <ClInclude Include="..\network\allpackets.hpp">
      <Filter>network</Filter>
    </ClInclude>
    <ClInclude Include="..\network\client.hpp">
      <Filter>network</Filter>
    </ClInclude>
    <ClInclude Include="..\network\identpacket.hpp">
      <Filter>network</Filter>
    </ClInclude>
    <ClInclude Include="..\network\loadpacket.hpp">
      <Filter>network</Filter>
    </ClInclude>
    <ClInclude Include="..\network\noppacket.hpp">
      <Filter>network</Filter>
    </ClInclude>
    <ClInclude Include="..\network\packet.hpp">
      <Filter>network</Filter>
    </ClInclude>
    <ClInclude Include="..\network\playpacket.hpp">
      <Filter>network</Filter>
    </ClInclude>
    <ClInclude Include="..\network\showpacket.hpp">
      <Filter>network</Filter>
    </ClInclude>
    <ClInclude Include="..\network\syncpacket.hpp">
      <Filter>network</Filter>
    </ClInclude>
    <ClInclude Include="..\controllers\frameclock.hpp">
      <Filter>controllers</Filter>
    </ClInclude>
    <ClInclude Include="..\ShowServer\serverclient.hpp">
      <Filter>ShowServer</Filter>
    </ClInclude>
    <ClInclude Include="..\ShowServer\showserver.hpp">
      <Filter>ShowServer</Filter>
    </ClInclude>
    <ClInclude Include="..\utility\buffer.hpp">
      <Filter>utility</Filter>
    </ClInclude>
    <ClInclude Include="..\utility\dbgutil.hpp">
      <Filter>utility</Filter>
    </ClInclude>
    <ClInclude Include="..\utility\strutil.hpp">
      <Filter>utility</Filter>
    </ClInclude>
    <ClInclude Include="..\utility\timeutil.hpp">
      <Filter>utility</Filter>
    </ClInclude>
  </ItemGroup>
</Project>